
Microsoft Visual Studio Solution File, Format Version 12.00
# Visual Studio 15
VisualStudioVersion = 15.0.28307.757
MinimumVisualStudioVersion = 10.0.40219.1
Project("{FAE04EC0-301F-11D3-BF4B-00C04F79EFBC}") = "DweepConstcoh", "DweepConstcoh\DweepConstcoh.csproj", "{A3DD8CA6-0967-4720-B296-A2C46BFF0CC3}"
EndProject
Global
	GlobalSection(SolutionConfigurationPlatforms) = preSolution
		Debug|Any CPU = Debug|Any CPU
		Release|Any CPU = Release|Any CPU
	EndGlobalSection
	GlobalSection(ProjectConfigurationPlatforms) = postSolution
		{A3DD8CA6-0967-4720-B296-A2C46BFF0CC3}.Debug|Any CPU.ActiveCfg = Debug|Any CPU
		{A3DD8CA6-0967-4720-B296-A2C46BFF0CC3}.Debug|Any CPU.Build.0 = Debug|Any CPU
		{A3DD8CA6-0967-4720-B296-A2C46BFF0CC3}.Release|Any CPU.ActiveCfg = Release|Any CPU
		{A3DD8CA6-0967-4720-B296-A2C46BFF0CC3}.Release|Any CPU.Build.0 = Release|Any CPU
	EndGlobalSection
	GlobalSection(SolutionProperties) = preSolution
		HideSolutionNode = FALSE
	EndGlobalSection
	GlobalSection(ExtensibilityGlobals) = postSolution
		SolutionGuid = {16785C52-A32D-4EDC-B79A-460DE29F4340}
	EndGlobalSection
EndGlobal
